
Microsoft Visual Studio Solution File, Format Version 12.00
# Visual Studio Version 17
VisualStudioVersion = 17.11.35312.102
MinimumVisualStudioVersion = 10.0.40219.1
Project("{FAE04EC0-301F-11D3-BF4B-00C04F79EFBC}") = "TestEFrameApp", "TestEFrameApp\TestEFrameApp.csproj", "{3B68320B-D976-4AA6-86E6-EFD282D51526}"
EndProject
Project("{FAE04EC0-301F-11D3-BF4B-00C04F79EFBC}") = "PublisherDomaine", "..\PublisherDomaine\PublisherDomaine.csproj", "{E072A8C1-EE48-49E8-AD69-A0B14D8AA1A3}"
EndProject
Project("{FAE04EC0-301F-11D3-BF4B-00C04F79EFBC}") = "PublisherData", "PublisherData\PublisherData.csproj", "{DBF6F15D-23C8-416B-AE1A-9DDBE224980D}"
EndProject
Global
	GlobalSection(SolutionConfigurationPlatforms) = preSolution
		Debug|Any CPU = Debug|Any CPU
		Release|Any CPU = Release|Any CPU
	EndGlobalSection
	GlobalSection(ProjectConfigurationPlatforms) = postSolution
		{3B68320B-D976-4AA6-86E6-EFD282D51526}.Debug|Any CPU.ActiveCfg = Debug|Any CPU
		{3B68320B-D976-4AA6-86E6-EFD282D51526}.Debug|Any CPU.Build.0 = Debug|Any CPU
		{3B68320B-D976-4AA6-86E6-EFD282D51526}.Release|Any CPU.ActiveCfg = Release|Any CPU
		{3B68320B-D976-4AA6-86E6-EFD282D51526}.Release|Any CPU.Build.0 = Release|Any CPU
		{E072A8C1-EE48-49E8-AD69-A0B14D8AA1A3}.Debug|Any CPU.ActiveCfg = Debug|Any CPU
		{E072A8C1-EE48-49E8-AD69-A0B14D8AA1A3}.Debug|Any CPU.Build.0 = Debug|Any CPU
		{E072A8C1-EE48-49E8-AD69-A0B14D8AA1A3}.Release|Any CPU.ActiveCfg = Release|Any CPU
		{E072A8C1-EE48-49E8-AD69-A0B14D8AA1A3}.Release|Any CPU.Build.0 = Release|Any CPU
		{DBF6F15D-23C8-416B-AE1A-9DDBE224980D}.Debug|Any CPU.ActiveCfg = Debug|Any CPU
		{DBF6F15D-23C8-416B-AE1A-9DDBE224980D}.Debug|Any CPU.Build.0 = Debug|Any CPU
		{DBF6F15D-23C8-416B-AE1A-9DDBE224980D}.Release|Any CPU.ActiveCfg = Release|Any CPU
		{DBF6F15D-23C8-416B-AE1A-9DDBE224980D}.Release|Any CPU.Build.0 = Release|Any CPU
	EndGlobalSection
	GlobalSection(SolutionProperties) = preSolution
		HideSolutionNode = FALSE
	EndGlobalSection
	GlobalSection(ExtensibilityGlobals) = postSolution
		SolutionGuid = {6A17874B-4F6A-4CEB-9AA1-2265CE5A0A28}
	EndGlobalSection
EndGlobal
