
Microsoft Visual Studio Solution File, Format Version 12.00
# Visual Studio Version 17
VisualStudioVersion = 17.11.35312.102
MinimumVisualStudioVersion = 10.0.40219.1
Project("{9A19103F-16F7-4668-BE54-9A1E7A4F7556}") = "TestEFrameApp", "TestEFrameApp\TestEFrameApp.csproj", "{3B68320B-D976-4AA6-86E6-EFD282D51526}"
EndProject
Project("{9A19103F-16F7-4668-BE54-9A1E7A4F7556}") = "PublisherData", "PublisherData\PublisherData.csproj", "{DBF6F15D-23C8-416B-AE1A-9DDBE224980D}"
EndProject
Project("{FAE04EC0-301F-11D3-BF4B-00C04F79EFBC}") = "PublishersDomaine", "PublishersDomaine\PublishersDomaine.csproj", "{834B58D8-A531-46D9-A2CF-0CA91751CF84}"
EndProject
Global
	GlobalSection(SolutionConfigurationPlatforms) = preSolution
		Debug|Any CPU = Debug|Any CPU
		Release|Any CPU = Release|Any CPU
	EndGlobalSection
	GlobalSection(ProjectConfigurationPlatforms) = postSolution
		{3B68320B-D976-4AA6-86E6-EFD282D51526}.Debug|Any CPU.ActiveCfg = Debug|Any CPU
		{3B68320B-D976-4AA6-86E6-EFD282D51526}.Debug|Any CPU.Build.0 = Debug|Any CPU
		{3B68320B-D976-4AA6-86E6-EFD282D51526}.Release|Any CPU.ActiveCfg = Release|Any CPU
		{3B68320B-D976-4AA6-86E6-EFD282D51526}.Release|Any CPU.Build.0 = Release|Any CPU
		{DBF6F15D-23C8-416B-AE1A-9DDBE224980D}.Debug|Any CPU.ActiveCfg = Debug|Any CPU
		{DBF6F15D-23C8-416B-AE1A-9DDBE224980D}.Debug|Any CPU.Build.0 = Debug|Any CPU
		{DBF6F15D-23C8-416B-AE1A-9DDBE224980D}.Release|Any CPU.ActiveCfg = Release|Any CPU
		{DBF6F15D-23C8-416B-AE1A-9DDBE224980D}.Release|Any CPU.Build.0 = Release|Any CPU
		{834B58D8-A531-46D9-A2CF-0CA91751CF84}.Debug|Any CPU.ActiveCfg = Debug|Any CPU
		{834B58D8-A531-46D9-A2CF-0CA91751CF84}.Debug|Any CPU.Build.0 = Debug|Any CPU
		{834B58D8-A531-46D9-A2CF-0CA91751CF84}.Release|Any CPU.ActiveCfg = Release|Any CPU
		{834B58D8-A531-46D9-A2CF-0CA91751CF84}.Release|Any CPU.Build.0 = Release|Any CPU
	EndGlobalSection
	GlobalSection(SolutionProperties) = preSolution
		HideSolutionNode = FALSE
	EndGlobalSection
	GlobalSection(ExtensibilityGlobals) = postSolution
		SolutionGuid = {6A17874B-4F6A-4CEB-9AA1-2265CE5A0A28}
	EndGlobalSection
EndGlobal
